
Microsoft Visual Studio Solution File, Format Version 12.00
# Visual Studio Version 17
VisualStudioVersion = 17.4.33213.308
MinimumVisualStudioVersion = 10.0.40219.1
Project("{FAE04EC0-301F-11D3-BF4B-00C04F79EFBC}") = "Comercial y Ferreteria Sumar", "Comercial y Ferreteria Sumar.csproj", "{7C4ED787-56B8-4431-A6BC-AD061C047DCC}"
EndProject
Global
	GlobalSection(SolutionConfigurationPlatforms) = preSolution
		Debug|Any CPU = Debug|Any CPU
		Release|Any CPU = Release|Any CPU
	EndGlobalSection
	GlobalSection(ProjectConfigurationPlatforms) = postSolution
		{7C4ED787-56B8-4431-A6BC-AD061C047DCC}.Debug|Any CPU.ActiveCfg = Debug|Any CPU
		{7C4ED787-56B8-4431-A6BC-AD061C047DCC}.Debug|Any CPU.Build.0 = Debug|Any CPU
		{7C4ED787-56B8-4431-A6BC-AD061C047DCC}.Release|Any CPU.ActiveCfg = Release|Any CPU
		{7C4ED787-56B8-4431-A6BC-AD061C047DCC}.Release|Any CPU.Build.0 = Release|Any CPU
	EndGlobalSection
	GlobalSection(SolutionProperties) = preSolution
		HideSolutionNode = FALSE
	EndGlobalSection
	GlobalSection(ExtensibilityGlobals) = postSolution
		SolutionGuid = {DF3090A2-3DB5-4FC3-8A50-454BC5AD5935}
	EndGlobalSection
EndGlobal
